{
  "name": "pro1",
  "version": "1.0.0",
  "lockfileVersion": 1,
  "requires": true,
  "dependencies": {
    "colors": {
      "version": "1.1.2",
      "resolved": "https://registry.npmjs.org/colors/-/colors-1.1.2.tgz",
      "integrity": "sha1-FopHAXVran9RoSzgyXv6KMCE7WM="
    },
    "moca": {
      "version": "0.4.3",
      "resolved": "https://registry.npmjs.org/moca/-/moca-0.4.3.tgz",
      "integrity": "sha1-aCRSm3GikCFFLdUXSexQHS2JxOI=",
      "requires": {
        "colors": "1.1.2"
      }
    }
  }
}
